
Microsoft Visual Studio Solution File, Format Version 12.00
# Visual Studio Version 16
VisualStudioVersion = 16.0.31005.135
MinimumVisualStudioVersion = 10.0.40219.1
Project("{FAE04EC0-301F-11D3-BF4B-00C04F79EFBC}") = "CarpenterPass", "CarpenterPass.csproj", "{29FEB651-5DEA-4D03-9824-ADFB80B54169}"
EndProject
Global
	GlobalSection(SolutionConfigurationPlatforms) = preSolution
		Debug|Any CPU = Debug|Any CPU
		Release|Any CPU = Release|Any CPU
	EndGlobalSection
	GlobalSection(ProjectConfigurationPlatforms) = postSolution
		{29FEB651-5DEA-4D03-9824-ADFB80B54169}.Debug|Any CPU.ActiveCfg = Debug|Any CPU
		{29FEB651-5DEA-4D03-9824-ADFB80B54169}.Debug|Any CPU.Build.0 = Debug|Any CPU
		{29FEB651-5DEA-4D03-9824-ADFB80B54169}.Release|Any CPU.ActiveCfg = Release|Any CPU
		{29FEB651-5DEA-4D03-9824-ADFB80B54169}.Release|Any CPU.Build.0 = Release|Any CPU
	EndGlobalSection
	GlobalSection(SolutionProperties) = preSolution
		HideSolutionNode = FALSE
	EndGlobalSection
	GlobalSection(ExtensibilityGlobals) = postSolution
		SolutionGuid = {CC6E0D86-70D2-4488-8063-9433B32E593B}
	EndGlobalSection
EndGlobal
